// !$*UTF8*$!
{
	archiveVersion = 1;
	classes = {
	};
	objectVersion = 50;
	objects = {

/* Begin PBXBuildFile section */
		F0B67DF9238EA3D20060C163 /* AppDelegate.swift in Sources */ = {isa = PBXBuildFile; fileRef = F0B67DF8238EA3D20060C163 /* AppDelegate.swift */; };
		F0B67DFB238EA3D20060C163 /* SceneDelegate.swift in Sources */ = {isa = PBXBuildFile; fileRef = F0B67DFA238EA3D20060C163 /* SceneDelegate.swift */; };
		F0B67DFD238EA3D20060C163 /* ViewController.swift in Sources */ = {isa = PBXBuildFile; fileRef = F0B67DFC238EA3D20060C163 /* ViewController.swift */; };
		F0B67E00238EA3D20060C163 /* Main.storyboard in Resources */ = {isa = PBXBuildFile; fileRef = F0B67DFE238EA3D20060C163 /* Main.storyboard */; };
		F0B67E02238EA3E80060C163 /* Assets.xcassets in Resources */ = {isa = PBXBuildFile; fileRef = F0B67E01238EA3E80060C163 /* Assets.xcassets */; };
		F0B67E05238EA3E80060C163 /* LaunchScreen.storyboard in Resources */ = {isa = PBXBuildFile; fileRef = F0B67E03238EA3E80060C163 /* LaunchScreen.storyboard */; };
		F0B67E10238F8E0E0060C163 /* ProfileView.swift in Sources */ = {isa = PBXBuildFile; fileRef = F0B67E0F238F8E0E0060C163 /* ProfileView.swift */; };
		F0B67E12238F8E4E0060C163 /* User.swift in Sources */ = {isa = PBXBuildFile; fileRef = F0B67E11238F8E4E0060C163 /* User.swift */; };
		F0B67E16238F9D090060C163 /* UserViewModel.swift in Sources */ = {isa = PBXBuildFile; fileRef = F0B67E15238F9D090060C163 /* UserViewModel.swift */; };
/* End PBXBuildFile section */

/* Begin PBXFileReference section */
		F0B67DF5238EA3D20060C163 /* MVVMSample.app */ = {isa = PBXFileReference; explicitFileType = wrapper.application; includeInIndex = 0; path = MVVMSample.app; sourceTree = BUILT_PRODUCTS_DIR; };
		F0B67DF8238EA3D20060C163 /* AppDelegate.swift */ = {isa = PBXFileReference; lastKnownFileType = sourcecode.swift; path = AppDelegate.swift; sourceTree = "<group>"; };
		F0B67DFA238EA3D20060C163 /* SceneDelegate.swift */ = {isa = PBXFileReference; lastKnownFileType = sourcecode.swift; path = SceneDelegate.swift; sourceTree = "<group>"; };
		F0B67DFC238EA3D20060C163 /* ViewController.swift */ = {isa = PBXFileReference; lastKnownFileType = sourcecode.swift; path = ViewController.swift; sourceTree = "<group>"; };
		F0B67DFF238EA3D20060C163 /* Base */ = {isa = PBXFileReference; lastKnownFileType = file.storyboard; name = Base; path = Base.lproj/Main.storyboard; sourceTree = "<group>"; };
		F0B67E01238EA3E80060C163 /* Assets.xcassets */ = {isa = PBXFileReference; lastKnownFileType = folder.assetcatalog; path = Assets.xcassets; sourceTree = "<group>"; };
		F0B67E04238EA3E80060C163 /* Base */ = {isa = PBXFileReference; lastKnownFileType = file.storyboard; name = Base; path = Base.lproj/LaunchScreen.storyboard; sourceTree = "<group>"; };
		F0B67E06238EA3E80060C163 /* Info.plist */ = {isa = PBXFileReference; lastKnownFileType = text.plist.xml; path = Info.plist; sourceTree = "<group>"; };
		F0B67E0F238F8E0E0060C163 /* ProfileView.swift */ = {isa = PBXFileReference; lastKnownFileType = sourcecode.swift; path = ProfileView.swift; sourceTree = "<group>"; };
		F0B67E11238F8E4E0060C163 /* User.swift */ = {isa = PBXFileReference; lastKnownFileType = sourcecode.swift; path = User.swift; sourceTree = "<group>"; };
		F0B67E15238F9D090060C163 /* UserViewModel.swift */ = {isa = PBXFileReference; lastKnownFileType = sourcecode.swift; path = UserViewModel.swift; sourceTree = "<group>"; };
/* End PBXFileReference section */

/* Begin PBXFrameworksBuildPhase section */
		F0B67DF2238EA3D20060C163 /* Frameworks */ = {
			isa = PBXFrameworksBuildPhase;
			buildActionMask = 2147483647;
			files = (
			);
			runOnlyForDeploymentPostprocessing = 0;
		};
/* End PBXFrameworksBuildPhase section */

/* Begin PBXGroup section */
		F0B67DEC238EA3D20060C163 = {
			isa = PBXGroup;
			children = (
				F0B67DF7238EA3D20060C163 /* MVVMSample */,
				F0B67DF6238EA3D20060C163 /* Products */,
			);
			sourceTree = "<group>";
		};
		F0B67DF6238EA3D20060C163 /* Products */ = {
			isa = PBXGroup;
			children = (
				F0B67DF5238EA3D20060C163 /* MVVMSample.app */,
			);
			name = Products;
			sourceTree = "<group>";
		};
		F0B67DF7238EA3D20060C163 /* MVVMSample */ = {
			isa = PBXGroup;
			children = (
				F0B67E0E238F8DE20060C163 /* ViewModels */,
				F0B67E0D238F8DDA0060C163 /* Models */,
				F0B67E0C238F8DCA0060C163 /* Views */,
				F0B67DF8238EA3D20060C163 /* AppDelegate.swift */,
				F0B67DFA238EA3D20060C163 /* SceneDelegate.swift */,
				F0B67DFC238EA3D20060C163 /* ViewController.swift */,
				F0B67DFE238EA3D20060C163 /* Main.storyboard */,
				F0B67E01238EA3E80060C163 /* Assets.xcassets */,
				F0B67E03238EA3E80060C163 /* LaunchScreen.storyboard */,
				F0B67E06238EA3E80060C163 /* Info.plist */,
			);
			path = MVVMSample;
			sourceTree = "<group>";
		};
		F0B67E0C238F8DCA0060C163 /* Views */ = {
			isa = PBXGroup;
			children = (
				F0B67E0F238F8E0E0060C163 /* ProfileView.swift */,
			);
			path = Views;
			sourceTree = "<group>";
		};
		F0B67E0D238F8DDA0060C163 /* Models */ = {
			isa = PBXGroup;
			children = (
				F0B67E11238F8E4E0060C163 /* User.swift */,
			);
			path = Models;
			sourceTree = "<group>";
		};
		F0B67E0E238F8DE20060C163 /* ViewModels */ = {
			isa = PBXGroup;
			children = (
				F0B67E15238F9D090060C163 /* UserViewModel.swift */,
			);
			path = ViewModels;
			sourceTree = "<group>";
		};
/* End PBXGroup section */

/* Begin PBXNativeTarget section */
		F0B67DF4238EA3D20060C163 /* MVVMSample */ = {
			isa = PBXNativeTarget;
			buildConfigurationList = F0B67E09238EA3E80060C163 /* Build configuration list for PBXNativeTarget "MVVMSample" */;
			buildPhases = (
				F0B67DF1238EA3D20060C163 /* Sources */,
				F0B67DF2238EA3D20060C163 /* Frameworks */,
				F0B67DF3238EA3D20060C163 /* Resources */,
			);
			buildRules = (
			);
			dependencies = (
			);
			name = MVVMSample;
			productName = AutoLayoutSample;
			productReference = F0B67DF5238EA3D20060C163 /* MVVMSample.app */;
			productType = "com.apple.product-type.application";
		};
/* End PBXNativeTarget section */

/* Begin PBXProject section */
		F0B67DED238EA3D20060C163 /* Project object */ = {
			isa = PBXProject;
			attributes = {
				LastSwiftUpdateCheck = 1120;
				LastUpgradeCheck = 1120;
				ORGANIZATIONNAME = "Yogendra Singh";
				TargetAttributes = {
					F0B67DF4238EA3D20060C163 = {
						CreatedOnToolsVersion = 11.2;
					};
				};
			};
			buildConfigurationList = F0B67DF0238EA3D20060C163 /* Build configuration list for PBXProject "MVVMSample" */;
			compatibilityVersion = "Xcode 9.3";
			developmentRegion = en;
			hasScannedForEncodings = 0;
			knownRegions = (
				en,
				Base,
			);
			mainGroup = F0B67DEC238EA3D20060C163;
			productRefGroup = F0B67DF6238EA3D20060C163 /* Products */;
			projectDirPath = "";
			projectRoot = "";
			targets = (
				F0B67DF4238EA3D20060C163 /* MVVMSample */,
			);
		};
/* End PBXProject section */

/* Begin PBXResourcesBuildPhase section */
		F0B67DF3238EA3D20060C163 /* Resources */ = {
			isa = PBXResourcesBuildPhase;
			buildActionMask = 2147483647;
			files = (
				F0B67E05238EA3E80060C163 /* LaunchScreen.storyboard in Resources */,
				F0B67E02238EA3E80060C163 /* Assets.xcassets in Resources */,
				F0B67E00238EA3D20060C163 /* Main.storyboard in Resources */,
			);
			runOnlyForDeploymentPostprocessing = 0;
		};
/* End PBXResourcesBuildPhase section */

/* Begin PBXSourcesBuildPhase section */
		F0B67DF1238EA3D20060C163 /* Sources */ = {
			isa = PBXSourcesBuildPhase;
			buildActionMask = 2147483647;
			files = (
				F0B67E10238F8E0E0060C163 /* ProfileView.swift in Sources */,
				F0B67E16238F9D090060C163 /* UserViewModel.swift in Sources */,
				F0B67DFD238EA3D20060C163 /* ViewController.swift in Sources */,
				F0B67DF9238EA3D20060C163 /* AppDelegate.swift in Sources */,
				F0B67E12238F8E4E0060C163 /* User.swift in Sources */,
				F0B67DFB238EA3D20060C163 /* SceneDelegate.swift in Sources */,
			);
			runOnlyForDeploymentPostprocessing = 0;
		};
/* End PBXSourcesBuildPhase section */

/* Begin PBXVariantGroup section */
		F0B67DFE238EA3D20060C163 /* Main.storyboard */ = {
			isa = PBXVariantGroup;
			children = (
				F0B67DFF238EA3D20060C163 /* Base */,
			);
			name = Main.storyboard;
			sourceTree = "<group>";
		};
		F0B67E03238EA3E80060C163 /* LaunchScreen.storyboard */ = {
			isa = PBXVariantGroup;
			children = (
				F0B67E04238EA3E80060C163 /* Base */,
			);
			name = LaunchScreen.storyboard;
			sourceTree = "<group>";
		};
/* End PBXVariantGroup section */

/* Begin XCBuildConfiguration section */
		F0B67E07238EA3E80060C163 /* Debug */ = {
			isa = XCBuildConfiguration;
			buildSettings = {
				ALWAYS_SEARCH_USER_PATHS = NO;
				CLANG_ANALYZER_NONNULL = YES;
				CLANG_ANALYZER_NUMBER_OBJECT_CONVERSION = YES_AGGRESSIVE;
				CLANG_CXX_LANGUAGE_STANDARD = "gnu++14";
				CLANG_CXX_LIBRARY = "libc++";
				CLANG_ENABLE_MODULES = YES;
				CLANG_ENABLE_OBJC_ARC = YES;
				CLANG_ENABLE_OBJC_WEAK = YES;
				CLANG_WARN_BLOCK_CAPTURE_AUTORELEASING = YES;
				CLANG_WARN_BOOL_CONVERSION = YES;
				CLANG_WARN_COMMA = YES;
				CLANG_WARN_CONSTANT_CONVERSION = YES;
				CLANG_WARN_DEPRECATED_OBJC_IMPLEMENTATIONS = YES;
				CLANG_WARN_DIRECT_OBJC_ISA_USAGE = YES_ERROR;
				CLANG_WARN_DOCUMENTATION_COMMENTS = YES;
				CLANG_WARN_EMPTY_BODY = YES;
				CLANG_WARN_ENUM_CONVERSION = YES;
				CLANG_WARN_INFINITE_RECURSION = YES;
				CLANG_WARN_INT_CONVERSION = YES;
				CLANG_WARN_NON_LITERAL_NULL_CONVERSION = YES;
				CLANG_WARN_OBJC_IMPLICIT_RETAIN_SELF = YES;
				CLANG_WARN_OBJC_LITERAL_CONVERSION = YES;
				CLANG_WARN_OBJC_ROOT_CLASS = YES_ERROR;
				CLANG_WARN_RANGE_LOOP_ANALYSIS = YES;
				CLANG_WARN_STRICT_PROTOTYPES = YES;
				CLANG_WARN_SUSPICIOUS_MOVE = YES;
				CLANG_WARN_UNGUARDED_AVAILABILITY = YES_AGGRESSIVE;
				CLANG_WARN_UNREACHABLE_CODE = YES;
				CLANG_WARN__DUPLICATE_METHOD_MATCH = YES;
				COPY_PHASE_STRIP = NO;
				DEBUG_INFORMATION_FORMAT = dwarf;
				ENABLE_STRICT_OBJC_MSGSEND = YES;
				ENABLE_TESTABILITY = YES;
				GCC_C_LANGUAGE_STANDARD = gnu11;
				GCC_DYNAMIC_NO_PIC = NO;
				GCC_NO_COMMON_BLOCKS = YES;
				GCC_OPTIMIZATION_LEVEL = 0;
				GCC_PREPROCESSOR_DEFINITIONS = (
					"DEBUG=1",
					"$(inherited)",
				);
				GCC_WARN_64_TO_32_BIT_CONVERSION = YES;
				GCC_WARN_ABOUT_RETURN_TYPE = YES_ERROR;
				GCC_WARN_UNDECLARED_SELECTOR = YES;
				GCC_WARN_UNINITIALIZED_AUTOS = YES_AGGRESSIVE;
				GCC_WARN_UNUSED_FUNCTION = YES;
				GCC_WARN_UNUSED_VARIABLE = YES;
				IPHONEOS_DEPLOYMENT_TARGET = 13.2;
				MTL_ENABLE_DEBUG_INFO = INCLUDE_SOURCE;
				MTL_FAST_MATH = YES;
				ONLY_ACTIVE_ARCH = YES;
				SDKROOT = iphoneos;
				SWIFT_ACTIVE_COMPILATION_CONDITIONS = DEBUG;
				SWIFT_OPTIMIZATION_LEVEL = "-Onone";
			};
			name = Debug;
		};
		F0B67E08238EA3E80060C163 /* Release */ = {
			isa = XCBuildConfiguration;
			buildSettings = {
				ALWAYS_SEARCH_USER_PATHS = NO;
				CLANG_ANALYZER_NONNULL = YES;
				CLANG_ANALYZER_NUMBER_OBJECT_CONVERSION = YES_AGGRESSIVE;
				CLANG_CXX_LANGUAGE_STANDARD = "gnu++14";
				CLANG_CXX_LIBRARY = "libc++";
				CLANG_ENABLE_MODULES = YES;
				CLANG_ENABLE_OBJC_ARC = YES;
				CLANG_ENABLE_OBJC_WEAK = YES;
				CLANG_WARN_BLOCK_CAPTURE_AUTORELEASING = YES;
				CLANG_WARN_BOOL_CONVERSION = YES;
				CLANG_WARN_COMMA = YES;
				CLANG_WARN_CONSTANT_CONVERSION = YES;
				CLANG_WARN_DEPRECATED_OBJC_IMPLEMENTATIONS = YES;
				CLANG_WARN_DIRECT_OBJC_ISA_USAGE = YES_ERROR;
				CLANG_WARN_DOCUMENTATION_COMMENTS = YES;
				CLANG_WARN_EMPTY_BODY = YES;
				CLANG_WARN_ENUM_CONVERSION = YES;
				CLANG_WARN_INFINITE_RECURSION = YES;
				CLANG_WARN_INT_CONVERSION = YES;
				CLANG_WARN_NON_LITERAL_NULL_CONVERSION = YES;
				CLANG_WARN_OBJC_IMPLICIT_RETAIN_SELF = YES;
				CLANG_WARN_OBJC_LITERAL_CONVERSION = YES;
				CLANG_WARN_OBJC_ROOT_CLASS = YES_ERROR;
				CLANG_WARN_RANGE_LOOP_ANALYSIS = YES;
				CLANG_WARN_STRICT_PROTOTYPES = YES;
				CLANG_WARN_SUSPICIOUS_MOVE = YES;
				CLANG_WARN_UNGUARDED_AVAILABILITY = YES_AGGRESSIVE;
				CLANG_WARN_UNREACHABLE_CODE = YES;
				CLANG_WARN__DUPLICATE_METHOD_MATCH = YES;
				COPY_PHASE_STRIP = NO;
				DEBUG_INFORMATION_FORMAT = "dwarf-with-dsym";
				ENABLE_NS_ASSERTIONS = NO;
				ENABLE_STRICT_OBJC_MSGSEND = YES;
				GCC_C_LANGUAGE_STANDARD = gnu11;
				GCC_NO_COMMON_BLOCKS = YES;
				GCC_WARN_64_TO_32_BIT_CONVERSION = YES;
				GCC_WARN_ABOUT_RETURN_TYPE = YES_ERROR;
				GCC_WARN_UNDECLARED_SELECTOR = YES;
				GCC_WARN_UNINITIALIZED_AUTOS = YES_AGGRESSIVE;
				GCC_WARN_UNUSED_FUNCTION = YES;
				GCC_WARN_UNUSED_VARIABLE = YES;
				IPHONEOS_DEPLOYMENT_TARGET = 13.2;
				MTL_ENABLE_DEBUG_INFO = NO;
				MTL_FAST_MATH = YES;
				SDKROOT = iphoneos;
				SWIFT_COMPILATION_MODE = wholemodule;
				SWIFT_OPTIMIZATION_LEVEL = "-O";
				VALIDATE_PRODUCT = YES;
			};
			name = Release;
		};
		F0B67E0A238EA3E80060C163 /* Debug */ = {
			isa = XCBuildConfiguration;
			buildSettings = {
				CODE_SIGN_STYLE = Automatic;
				INFOPLIST_FILE = "$(SRCROOT)/MVVMSample/Info.plist";
				LD_RUNPATH_SEARCH_PATHS = (
					"$(inherited)",
					"@executable_path/Frameworks",
				);
				PRODUCT_BUNDLE_IDENTIFIER = "com.ps.-MVVMSample";
				PRODUCT_NAME = "$(TARGET_NAME)";
				SWIFT_VERSION = 5.0;
				TARGETED_DEVICE_FAMILY = "1,2";
			};
			name = Debug;
		};
		F0B67E0B238EA3E80060C163 /* Release */ = {
			isa = XCBuildConfiguration;
			buildSettings = {
				CODE_SIGN_STYLE = Automatic;
				INFOPLIST_FILE = "$(SRCROOT)/MVVMSample/Info.plist";
				LD_RUNPATH_SEARCH_PATHS = (
					"$(inherited)",
					"@executable_path/Frameworks",
				);
				PRODUCT_BUNDLE_IDENTIFIER = "com.ps.-MVVMSample";
				PRODUCT_NAME = "$(TARGET_NAME)";
				SWIFT_VERSION = 5.0;
				TARGETED_DEVICE_FAMILY = "1,2";
			};
			name = Release;
		};
/* End XCBuildConfiguration section */

/* Begin XCConfigurationList section */
		F0B67DF0238EA3D20060C163 /* Build configuration list for PBXProject "MVVMSample" */ = {
			isa = XCConfigurationList;
			buildConfigurations = (
				F0B67E07238EA3E80060C163 /* Debug */,
				F0B67E08238EA3E80060C163 /* Release */,
			);
			defaultConfigurationIsVisible = 0;
			defaultConfigurationName = Release;
		};
		F0B67E09238EA3E80060C163 /* Build configuration list for PBXNativeTarget "MVVMSample" */ = {
			isa = XCConfigurationList;
			buildConfigurations = (
				F0B67E0A238EA3E80060C163 /* Debug */,
				F0B67E0B238EA3E80060C163 /* Release */,
			);
			defaultConfigurationIsVisible = 0;
			defaultConfigurationName = Release;
		};
/* End XCConfigurationList section */
	};
	rootObject = F0B67DED238EA3D20060C163 /* Project object */;
}
